
Microsoft Visual Studio Solution File, Format Version 12.00
# Visual Studio Version 17
VisualStudioVersion = 17.2.32519.379
MinimumVisualStudioVersion = 10.0.40219.1
Project("{FAE04EC0-301F-11D3-BF4B-00C04F79EFBC}") = "PryVARELAED", "PryVARELAED\PryVARELAED.csproj", "{47FB8976-81E6-43C8-B6DA-796DDFD44C67}"
EndProject
Global
	GlobalSection(SolutionConfigurationPlatforms) = preSolution
		Debug|Any CPU = Debug|Any CPU
		Release|Any CPU = Release|Any CPU
	EndGlobalSection
	GlobalSection(ProjectConfigurationPlatforms) = postSolution
		{47FB8976-81E6-43C8-B6DA-796DDFD44C67}.Debug|Any CPU.ActiveCfg = Debug|Any CPU
		{47FB8976-81E6-43C8-B6DA-796DDFD44C67}.Debug|Any CPU.Build.0 = Debug|Any CPU
		{47FB8976-81E6-43C8-B6DA-796DDFD44C67}.Release|Any CPU.ActiveCfg = Release|Any CPU
		{47FB8976-81E6-43C8-B6DA-796DDFD44C67}.Release|Any CPU.Build.0 = Release|Any CPU
	EndGlobalSection
	GlobalSection(SolutionProperties) = preSolution
		HideSolutionNode = FALSE
	EndGlobalSection
	GlobalSection(ExtensibilityGlobals) = postSolution
		SolutionGuid = {4F9CCE1E-21EB-4814-910D-08A6AAFA41DD}
	EndGlobalSection
EndGlobal
